
Microsoft Visual Studio Solution File, Format Version 12.00
# Visual Studio Version 17
VisualStudioVersion = 17.6.33829.357
MinimumVisualStudioVersion = 10.0.40219.1
Project("{FAE04EC0-301F-11D3-BF4B-00C04F79EFBC}") = "Juego de la memoria", "Juego de la memoria.csproj", "{7E512136-256F-4175-BF59-3557472C1850}"
EndProject
Global
	GlobalSection(SolutionConfigurationPlatforms) = preSolution
		Debug|Any CPU = Debug|Any CPU
		Release|Any CPU = Release|Any CPU
	EndGlobalSection
	GlobalSection(ProjectConfigurationPlatforms) = postSolution
		{7E512136-256F-4175-BF59-3557472C1850}.Debug|Any CPU.ActiveCfg = Debug|Any CPU
		{7E512136-256F-4175-BF59-3557472C1850}.Debug|Any CPU.Build.0 = Debug|Any CPU
		{7E512136-256F-4175-BF59-3557472C1850}.Release|Any CPU.ActiveCfg = Release|Any CPU
		{7E512136-256F-4175-BF59-3557472C1850}.Release|Any CPU.Build.0 = Release|Any CPU
	EndGlobalSection
	GlobalSection(SolutionProperties) = preSolution
		HideSolutionNode = FALSE
	EndGlobalSection
	GlobalSection(ExtensibilityGlobals) = postSolution
		SolutionGuid = {093AFFD6-4E3F-46DF-83AB-CF5F68861F4A}
	EndGlobalSection
EndGlobal
